
Microsoft Visual Studio Solution File, Format Version 12.00
# Visual Studio Version 17
VisualStudioVersion = 17.7.34031.279
MinimumVisualStudioVersion = 10.0.40219.1
Project("{FAE04EC0-301F-11D3-BF4B-00C04F79EFBC}") = "Calculadora", "calculadora\Calculadora.csproj", "{E89035E1-AFA0-4196-9245-D200CE28F54B}"
EndProject
Project("{FAE04EC0-301F-11D3-BF4B-00C04F79EFBC}") = "Calculadora.Tests", "Calculadora.Tests\Calculadora.Tests.csproj", "{2FF58F2E-AE9E-40E6-8532-3A7355FB49CE}"
EndProject
Global
	GlobalSection(SolutionConfigurationPlatforms) = preSolution
		Debug|Any CPU = Debug|Any CPU
		Release|Any CPU = Release|Any CPU
	EndGlobalSection
	GlobalSection(ProjectConfigurationPlatforms) = postSolution
		{E89035E1-AFA0-4196-9245-D200CE28F54B}.Debug|Any CPU.ActiveCfg = Debug|Any CPU
		{E89035E1-AFA0-4196-9245-D200CE28F54B}.Debug|Any CPU.Build.0 = Debug|Any CPU
		{E89035E1-AFA0-4196-9245-D200CE28F54B}.Release|Any CPU.ActiveCfg = Release|Any CPU
		{E89035E1-AFA0-4196-9245-D200CE28F54B}.Release|Any CPU.Build.0 = Release|Any CPU
		{2FF58F2E-AE9E-40E6-8532-3A7355FB49CE}.Debug|Any CPU.ActiveCfg = Debug|Any CPU
		{2FF58F2E-AE9E-40E6-8532-3A7355FB49CE}.Debug|Any CPU.Build.0 = Debug|Any CPU
		{2FF58F2E-AE9E-40E6-8532-3A7355FB49CE}.Release|Any CPU.ActiveCfg = Release|Any CPU
		{2FF58F2E-AE9E-40E6-8532-3A7355FB49CE}.Release|Any CPU.Build.0 = Release|Any CPU
	EndGlobalSection
	GlobalSection(SolutionProperties) = preSolution
		HideSolutionNode = FALSE
	EndGlobalSection
	GlobalSection(ExtensibilityGlobals) = postSolution
		SolutionGuid = {0F57C31F-FA7E-4D71-83C1-BD0E192995B0}
	EndGlobalSection
EndGlobal
